
Microsoft Visual Studio Solution File, Format Version 12.00
# Visual Studio Version 17
VisualStudioVersion = 17.0.31903.59
MinimumVisualStudioVersion = 10.0.40219.1
Project("{2150E333-8FDC-42A3-9474-1A3956D46DE8}") = "src", "src", "{8BD8EF2B-2347-4C61-884C-F9947C5DC85B}"
EndProject
Project("{2150E333-8FDC-42A3-9474-1A3956D46DE8}") = "Core", "Core", "{14613B72-8C33-46B5-914B-4BF9CE076783}"
EndProject
Project("{FAE04EC0-301F-11D3-BF4B-00C04F79EFBC}") = "HRLeaveManagement.Domain", "src\Core\HRLeaveManagement.Domain\HRLeaveManagement.Domain.csproj", "{789D8610-E58C-4D84-8EC1-86C80B6A9C3C}"
EndProject
Project("{FAE04EC0-301F-11D3-BF4B-00C04F79EFBC}") = "HRLeaveManagement.Application", "src\Core\HRLeaveManagement.Application\HRLeaveManagement.Application.csproj", "{584B1273-EB71-4EEE-9931-4EA1CF5475DE}"
EndProject
Project("{2150E333-8FDC-42A3-9474-1A3956D46DE8}") = "Infrastructure", "Infrastructure", "{28CFEBB8-7C97-4BA0-AE21-200F70FF5A36}"
EndProject
Project("{FAE04EC0-301F-11D3-BF4B-00C04F79EFBC}") = "HRLeaveManagement.Persistence", "src\Infrastructure\HRLeaveManagement.Persistence\HRLeaveManagement.Persistence.csproj", "{5E64E14C-FE61-48F4-BDE7-8D4A2DF4200E}"
EndProject
Project("{FAE04EC0-301F-11D3-BF4B-00C04F79EFBC}") = "HRLeaveManagement.Infrastructure", "src\Infrastructure\HRLeaveManagement.Infrastructure\HRLeaveManagement.Infrastructure.csproj", "{178AD971-6BFB-49A0-BD94-DA3ABD2D1A9E}"
EndProject
Project("{2150E333-8FDC-42A3-9474-1A3956D46DE8}") = "API", "API", "{268D232E-BED7-4A2C-8445-8B17DA96DBD9}"
EndProject
Project("{FAE04EC0-301F-11D3-BF4B-00C04F79EFBC}") = "HRLeaveManagement.Api", "src\API\HRLeaveManagement.Api\HRLeaveManagement.Api.csproj", "{0FA67F50-E71D-4EF2-88CD-8467CCB94747}"
EndProject
Project("{2150E333-8FDC-42A3-9474-1A3956D46DE8}") = "test", "test", "{AB9967E9-BCAA-4C1E-8BA3-8DAB5708C44E}"
EndProject
Project("{FAE04EC0-301F-11D3-BF4B-00C04F79EFBC}") = "HR.LeaveManagement.Application.UnitTest", "test\HR.LeaveManagement.Application.UnitTest\HR.LeaveManagement.Application.UnitTest.csproj", "{8760AE96-D801-4280-80AD-A156169D26FE}"
EndProject
Project("{FAE04EC0-301F-11D3-BF4B-00C04F79EFBC}") = "HR.LeaveManagement.Persistence.IntegrationTests", "test\HR.LeaveManagement.Presistence.IntegrationTests\HR.LeaveManagement.Persistence.IntegrationTests.csproj", "{5E56CEB1-04CE-4A36-8BAC-463822F7BF89}"
EndProject
Project("{2150E333-8FDC-42A3-9474-1A3956D46DE8}") = "UI", "UI", "{3FAB6CE8-9E64-4674-A8BF-46CFC0D769EB}"
EndProject
Project("{FAE04EC0-301F-11D3-BF4B-00C04F79EFBC}") = "HR.LeaveManagement.BlazorUI", "src\UI\HR.LeaveManagement.BlazorUI\HR.LeaveManagement.BlazorUI.csproj", "{D739EBDE-721A-4E6E-B46E-AC4DE7888FA4}"
EndProject
Global
	GlobalSection(SolutionConfigurationPlatforms) = preSolution
		Debug|Any CPU = Debug|Any CPU
		Release|Any CPU = Release|Any CPU
	EndGlobalSection
	GlobalSection(ProjectConfigurationPlatforms) = postSolution
		{789D8610-E58C-4D84-8EC1-86C80B6A9C3C}.Debug|Any CPU.ActiveCfg = Debug|Any CPU
		{789D8610-E58C-4D84-8EC1-86C80B6A9C3C}.Debug|Any CPU.Build.0 = Debug|Any CPU
		{789D8610-E58C-4D84-8EC1-86C80B6A9C3C}.Release|Any CPU.ActiveCfg = Release|Any CPU
		{789D8610-E58C-4D84-8EC1-86C80B6A9C3C}.Release|Any CPU.Build.0 = Release|Any CPU
		{584B1273-EB71-4EEE-9931-4EA1CF5475DE}.Debug|Any CPU.ActiveCfg = Debug|Any CPU
		{584B1273-EB71-4EEE-9931-4EA1CF5475DE}.Debug|Any CPU.Build.0 = Debug|Any CPU
		{584B1273-EB71-4EEE-9931-4EA1CF5475DE}.Release|Any CPU.ActiveCfg = Release|Any CPU
		{584B1273-EB71-4EEE-9931-4EA1CF5475DE}.Release|Any CPU.Build.0 = Release|Any CPU
		{5E64E14C-FE61-48F4-BDE7-8D4A2DF4200E}.Debug|Any CPU.ActiveCfg = Debug|Any CPU
		{5E64E14C-FE61-48F4-BDE7-8D4A2DF4200E}.Debug|Any CPU.Build.0 = Debug|Any CPU
		{5E64E14C-FE61-48F4-BDE7-8D4A2DF4200E}.Release|Any CPU.ActiveCfg = Release|Any CPU
		{5E64E14C-FE61-48F4-BDE7-8D4A2DF4200E}.Release|Any CPU.Build.0 = Release|Any CPU
		{178AD971-6BFB-49A0-BD94-DA3ABD2D1A9E}.Debug|Any CPU.ActiveCfg = Debug|Any CPU
		{178AD971-6BFB-49A0-BD94-DA3ABD2D1A9E}.Debug|Any CPU.Build.0 = Debug|Any CPU
		{178AD971-6BFB-49A0-BD94-DA3ABD2D1A9E}.Release|Any CPU.ActiveCfg = Release|Any CPU
		{178AD971-6BFB-49A0-BD94-DA3ABD2D1A9E}.Release|Any CPU.Build.0 = Release|Any CPU
		{0FA67F50-E71D-4EF2-88CD-8467CCB94747}.Debug|Any CPU.ActiveCfg = Debug|Any CPU
		{0FA67F50-E71D-4EF2-88CD-8467CCB94747}.Debug|Any CPU.Build.0 = Debug|Any CPU
		{0FA67F50-E71D-4EF2-88CD-8467CCB94747}.Release|Any CPU.ActiveCfg = Release|Any CPU
		{0FA67F50-E71D-4EF2-88CD-8467CCB94747}.Release|Any CPU.Build.0 = Release|Any CPU
		{8760AE96-D801-4280-80AD-A156169D26FE}.Debug|Any CPU.ActiveCfg = Debug|Any CPU
		{8760AE96-D801-4280-80AD-A156169D26FE}.Debug|Any CPU.Build.0 = Debug|Any CPU
		{8760AE96-D801-4280-80AD-A156169D26FE}.Release|Any CPU.ActiveCfg = Release|Any CPU
		{8760AE96-D801-4280-80AD-A156169D26FE}.Release|Any CPU.Build.0 = Release|Any CPU
		{5E56CEB1-04CE-4A36-8BAC-463822F7BF89}.Debug|Any CPU.ActiveCfg = Debug|Any CPU
		{5E56CEB1-04CE-4A36-8BAC-463822F7BF89}.Debug|Any CPU.Build.0 = Debug|Any CPU
		{5E56CEB1-04CE-4A36-8BAC-463822F7BF89}.Release|Any CPU.ActiveCfg = Release|Any CPU
		{5E56CEB1-04CE-4A36-8BAC-463822F7BF89}.Release|Any CPU.Build.0 = Release|Any CPU
		{D739EBDE-721A-4E6E-B46E-AC4DE7888FA4}.Debug|Any CPU.ActiveCfg = Debug|Any CPU
		{D739EBDE-721A-4E6E-B46E-AC4DE7888FA4}.Debug|Any CPU.Build.0 = Debug|Any CPU
		{D739EBDE-721A-4E6E-B46E-AC4DE7888FA4}.Release|Any CPU.ActiveCfg = Release|Any CPU
		{D739EBDE-721A-4E6E-B46E-AC4DE7888FA4}.Release|Any CPU.Build.0 = Release|Any CPU
	EndGlobalSection
	GlobalSection(SolutionProperties) = preSolution
		HideSolutionNode = FALSE
	EndGlobalSection
	GlobalSection(NestedProjects) = preSolution
		{14613B72-8C33-46B5-914B-4BF9CE076783} = {8BD8EF2B-2347-4C61-884C-F9947C5DC85B}
		{789D8610-E58C-4D84-8EC1-86C80B6A9C3C} = {14613B72-8C33-46B5-914B-4BF9CE076783}
		{584B1273-EB71-4EEE-9931-4EA1CF5475DE} = {14613B72-8C33-46B5-914B-4BF9CE076783}
		{28CFEBB8-7C97-4BA0-AE21-200F70FF5A36} = {8BD8EF2B-2347-4C61-884C-F9947C5DC85B}
		{5E64E14C-FE61-48F4-BDE7-8D4A2DF4200E} = {28CFEBB8-7C97-4BA0-AE21-200F70FF5A36}
		{178AD971-6BFB-49A0-BD94-DA3ABD2D1A9E} = {28CFEBB8-7C97-4BA0-AE21-200F70FF5A36}
		{268D232E-BED7-4A2C-8445-8B17DA96DBD9} = {8BD8EF2B-2347-4C61-884C-F9947C5DC85B}
		{0FA67F50-E71D-4EF2-88CD-8467CCB94747} = {268D232E-BED7-4A2C-8445-8B17DA96DBD9}
		{8760AE96-D801-4280-80AD-A156169D26FE} = {AB9967E9-BCAA-4C1E-8BA3-8DAB5708C44E}
		{5E56CEB1-04CE-4A36-8BAC-463822F7BF89} = {AB9967E9-BCAA-4C1E-8BA3-8DAB5708C44E}
		{3FAB6CE8-9E64-4674-A8BF-46CFC0D769EB} = {8BD8EF2B-2347-4C61-884C-F9947C5DC85B}
		{D739EBDE-721A-4E6E-B46E-AC4DE7888FA4} = {3FAB6CE8-9E64-4674-A8BF-46CFC0D769EB}
	EndGlobalSection
EndGlobal
